
Microsoft Visual Studio Solution File, Format Version 12.00
# Visual Studio Version 16
VisualStudioVersion = 16.0.31727.386
MinimumVisualStudioVersion = 10.0.40219.1
Project("{9A19103F-16F7-4668-BE54-9A1E7A4F7556}") = "BlogApp", "BlogApp.csproj", "{5F2BAB23-F1E9-49EA-ABC7-A27FE45B1124}"
EndProject
Project("{9A19103F-16F7-4668-BE54-9A1E7A4F7556}") = "Dominio", "..\Dominio\Dominio.csproj", "{BAAA9377-6819-4A0F-BB3A-07F9F70546B9}"
EndProject
Project("{9A19103F-16F7-4668-BE54-9A1E7A4F7556}") = "Repository", "..\Repository\Repository.csproj", "{ABBC5DE9-5FD6-422F-AA9D-898DAD7C5592}"
EndProject
Project("{9A19103F-16F7-4668-BE54-9A1E7A4F7556}") = "Mapping", "..\Mapping\Mapping.csproj", "{3DE03C33-49C6-4E0C-9EDA-D442CF758554}"
EndProject
Project("{9A19103F-16F7-4668-BE54-9A1E7A4F7556}") = "Data", "..\Data\Data.csproj", "{47E4E825-75EF-40AB-80B4-AC9A68E6B155}"
EndProject
Project("{9A19103F-16F7-4668-BE54-9A1E7A4F7556}") = "Services", "..\Services\Services.csproj", "{C3850F91-FF76-4019-AFCE-AC05B71E7273}"
EndProject
Project("{FAE04EC0-301F-11D3-BF4B-00C04F79EFBC}") = "Auth", "..\Auth\Auth.csproj", "{332FB83D-8AAE-4350-95C0-944543D1C629}"
EndProject
Global
	GlobalSection(SolutionConfigurationPlatforms) = preSolution
		Debug|Any CPU = Debug|Any CPU
		Release|Any CPU = Release|Any CPU
	EndGlobalSection
	GlobalSection(ProjectConfigurationPlatforms) = postSolution
		{5F2BAB23-F1E9-49EA-ABC7-A27FE45B1124}.Debug|Any CPU.ActiveCfg = Debug|Any CPU
		{5F2BAB23-F1E9-49EA-ABC7-A27FE45B1124}.Debug|Any CPU.Build.0 = Debug|Any CPU
		{5F2BAB23-F1E9-49EA-ABC7-A27FE45B1124}.Release|Any CPU.ActiveCfg = Release|Any CPU
		{5F2BAB23-F1E9-49EA-ABC7-A27FE45B1124}.Release|Any CPU.Build.0 = Release|Any CPU
		{BAAA9377-6819-4A0F-BB3A-07F9F70546B9}.Debug|Any CPU.ActiveCfg = Debug|Any CPU
		{BAAA9377-6819-4A0F-BB3A-07F9F70546B9}.Debug|Any CPU.Build.0 = Debug|Any CPU
		{BAAA9377-6819-4A0F-BB3A-07F9F70546B9}.Release|Any CPU.ActiveCfg = Release|Any CPU
		{BAAA9377-6819-4A0F-BB3A-07F9F70546B9}.Release|Any CPU.Build.0 = Release|Any CPU
		{ABBC5DE9-5FD6-422F-AA9D-898DAD7C5592}.Debug|Any CPU.ActiveCfg = Debug|Any CPU
		{ABBC5DE9-5FD6-422F-AA9D-898DAD7C5592}.Debug|Any CPU.Build.0 = Debug|Any CPU
		{ABBC5DE9-5FD6-422F-AA9D-898DAD7C5592}.Release|Any CPU.ActiveCfg = Release|Any CPU
		{ABBC5DE9-5FD6-422F-AA9D-898DAD7C5592}.Release|Any CPU.Build.0 = Release|Any CPU
		{3DE03C33-49C6-4E0C-9EDA-D442CF758554}.Debug|Any CPU.ActiveCfg = Debug|Any CPU
		{3DE03C33-49C6-4E0C-9EDA-D442CF758554}.Debug|Any CPU.Build.0 = Debug|Any CPU
		{3DE03C33-49C6-4E0C-9EDA-D442CF758554}.Release|Any CPU.ActiveCfg = Release|Any CPU
		{3DE03C33-49C6-4E0C-9EDA-D442CF758554}.Release|Any CPU.Build.0 = Release|Any CPU
		{47E4E825-75EF-40AB-80B4-AC9A68E6B155}.Debug|Any CPU.ActiveCfg = Debug|Any CPU
		{47E4E825-75EF-40AB-80B4-AC9A68E6B155}.Debug|Any CPU.Build.0 = Debug|Any CPU
		{47E4E825-75EF-40AB-80B4-AC9A68E6B155}.Release|Any CPU.ActiveCfg = Release|Any CPU
		{47E4E825-75EF-40AB-80B4-AC9A68E6B155}.Release|Any CPU.Build.0 = Release|Any CPU
		{C3850F91-FF76-4019-AFCE-AC05B71E7273}.Debug|Any CPU.ActiveCfg = Debug|Any CPU
		{C3850F91-FF76-4019-AFCE-AC05B71E7273}.Debug|Any CPU.Build.0 = Debug|Any CPU
		{C3850F91-FF76-4019-AFCE-AC05B71E7273}.Release|Any CPU.ActiveCfg = Release|Any CPU
		{C3850F91-FF76-4019-AFCE-AC05B71E7273}.Release|Any CPU.Build.0 = Release|Any CPU
		{332FB83D-8AAE-4350-95C0-944543D1C629}.Debug|Any CPU.ActiveCfg = Debug|Any CPU
		{332FB83D-8AAE-4350-95C0-944543D1C629}.Debug|Any CPU.Build.0 = Debug|Any CPU
		{332FB83D-8AAE-4350-95C0-944543D1C629}.Release|Any CPU.ActiveCfg = Release|Any CPU
		{332FB83D-8AAE-4350-95C0-944543D1C629}.Release|Any CPU.Build.0 = Release|Any CPU
	EndGlobalSection
	GlobalSection(SolutionProperties) = preSolution
		HideSolutionNode = FALSE
	EndGlobalSection
	GlobalSection(ExtensibilityGlobals) = postSolution
		SolutionGuid = {6BA1B6DC-F854-448B-8FA8-5EADDF68E8BC}
	EndGlobalSection
EndGlobal
